// !$*UTF8*$!
{
	archiveVersion = 1;
	classes = {
	};
	objectVersion = 46;
	objects = {

/* Begin PBXBuildFile section */
		5493B1F51E49D827007C7F8D /* 2.gif in Resources */ = {isa = PBXBuildFile; fileRef = 5493B1F41E49D827007C7F8D /* 2.gif */; };
		54BDACCE1D26457900F665B2 /* main.m in Sources */ = {isa = PBXBuildFile; fileRef = 54BDACCD1D26457900F665B2 /* main.m */; };
		54BDACD11D26457900F665B2 /* AppDelegate.m in Sources */ = {isa = PBXBuildFile; fileRef = 54BDACD01D26457900F665B2 /* AppDelegate.m */; };
		54BDACDA1D26457900F665B2 /* Main.storyboard in Resources */ = {isa = PBXBuildFile; fileRef = 54BDACD81D26457900F665B2 /* Main.storyboard */; };
		54BDACDC1D26457900F665B2 /* Assets.xcassets in Resources */ = {isa = PBXBuildFile; fileRef = 54BDACDB1D26457900F665B2 /* Assets.xcassets */; };
		54BDACDF1D26457900F665B2 /* LaunchScreen.storyboard in Resources */ = {isa = PBXBuildFile; fileRef = 54BDACDD1D26457900F665B2 /* LaunchScreen.storyboard */; };
		54BDACF21D26483800F665B2 /* RegexKitLite.m in Sources */ = {isa = PBXBuildFile; fileRef = 54BDACEF1D26483800F665B2 /* RegexKitLite.m */; settings = {COMPILER_FLAGS = "-fno-objc-arc"; }; };
		54BDACF31D26483800F665B2 /* SMLabel.m in Sources */ = {isa = PBXBuildFile; fileRef = 54BDACF11D26483800F665B2 /* SMLabel.m */; };
		54BDACF61D264C0900F665B2 /* ViewController.m in Sources */ = {isa = PBXBuildFile; fileRef = 54BDACF51D264C0900F665B2 /* ViewController.m */; };
		54BDACF81D264C8A00F665B2 /* 1@2x.png in Resources */ = {isa = PBXBuildFile; fileRef = 54BDACF71D264C8A00F665B2 /* 1@2x.png */; };
		54BDACFA1D264D5100F665B2 /* libicucore.tbd in Frameworks */ = {isa = PBXBuildFile; fileRef = 54BDACF91D264D5100F665B2 /* libicucore.tbd */; };
/* End PBXBuildFile section */

/* Begin PBXFileReference section */
		5493B1F41E49D827007C7F8D /* 2.gif */ = {isa = PBXFileReference; lastKnownFileType = image.gif; path = 2.gif; sourceTree = "<group>"; };
		54BDACC91D26457900F665B2 /* SMLabel.app */ = {isa = PBXFileReference; explicitFileType = wrapper.application; includeInIndex = 0; path = SMLabel.app; sourceTree = BUILT_PRODUCTS_DIR; };
		54BDACCD1D26457900F665B2 /* main.m */ = {isa = PBXFileReference; lastKnownFileType = sourcecode.c.objc; path = main.m; sourceTree = "<group>"; };
		54BDACCF1D26457900F665B2 /* AppDelegate.h */ = {isa = PBXFileReference; lastKnownFileType = sourcecode.c.h; path = AppDelegate.h; sourceTree = "<group>"; };
		54BDACD01D26457900F665B2 /* AppDelegate.m */ = {isa = PBXFileReference; lastKnownFileType = sourcecode.c.objc; path = AppDelegate.m; sourceTree = "<group>"; };
		54BDACD91D26457900F665B2 /* Base */ = {isa = PBXFileReference; lastKnownFileType = file.storyboard; name = Base; path = Base.lproj/Main.storyboard; sourceTree = "<group>"; };
		54BDACDB1D26457900F665B2 /* Assets.xcassets */ = {isa = PBXFileReference; lastKnownFileType = folder.assetcatalog; path = Assets.xcassets; sourceTree = "<group>"; };
		54BDACDE1D26457900F665B2 /* Base */ = {isa = PBXFileReference; lastKnownFileType = file.storyboard; name = Base; path = Base.lproj/LaunchScreen.storyboard; sourceTree = "<group>"; };
		54BDACE01D26457900F665B2 /* Info.plist */ = {isa = PBXFileReference; lastKnownFileType = text.plist.xml; path = Info.plist; sourceTree = "<group>"; };
		54BDACEE1D26483800F665B2 /* RegexKitLite.h */ = {isa = PBXFileReference; fileEncoding = 4; lastKnownFileType = sourcecode.c.h; path = RegexKitLite.h; sourceTree = "<group>"; };
		54BDACEF1D26483800F665B2 /* RegexKitLite.m */ = {isa = PBXFileReference; fileEncoding = 4; lastKnownFileType = sourcecode.c.objc; path = RegexKitLite.m; sourceTree = "<group>"; };
		54BDACF01D26483800F665B2 /* SMLabel.h */ = {isa = PBXFileReference; fileEncoding = 4; lastKnownFileType = sourcecode.c.h; path = SMLabel.h; sourceTree = "<group>"; };
		54BDACF11D26483800F665B2 /* SMLabel.m */ = {isa = PBXFileReference; fileEncoding = 4; lastKnownFileType = sourcecode.c.objc; path = SMLabel.m; sourceTree = "<group>"; };
		54BDACF41D264C0900F665B2 /* ViewController.h */ = {isa = PBXFileReference; fileEncoding = 4; lastKnownFileType = sourcecode.c.h; path = ViewController.h; sourceTree = "<group>"; };
		54BDACF51D264C0900F665B2 /* ViewController.m */ = {isa = PBXFileReference; fileEncoding = 4; lastKnownFileType = sourcecode.c.objc; path = ViewController.m; sourceTree = "<group>"; };
		54BDACF71D264C8A00F665B2 /* 1@2x.png */ = {isa = PBXFileReference; lastKnownFileType = image.png; path = "1@2x.png"; sourceTree = "<group>"; };
		54BDACF91D264D5100F665B2 /* libicucore.tbd */ = {isa = PBXFileReference; lastKnownFileType = "sourcecode.text-based-dylib-definition"; name = libicucore.tbd; path = usr/lib/libicucore.tbd; sourceTree = SDKROOT; };
/* End PBXFileReference section */

/* Begin PBXFrameworksBuildPhase section */
		54BDACC61D26457900F665B2 /* Frameworks */ = {
			isa = PBXFrameworksBuildPhase;
			buildActionMask = 2147483647;
			files = (
				54BDACFA1D264D5100F665B2 /* libicucore.tbd in Frameworks */,
			);
			runOnlyForDeploymentPostprocessing = 0;
		};
/* End PBXFrameworksBuildPhase section */

/* Begin PBXGroup section */
		54BDACC01D26457900F665B2 = {
			isa = PBXGroup;
			children = (
				54BDACF91D264D5100F665B2 /* libicucore.tbd */,
				54BDACCB1D26457900F665B2 /* SMLabel */,
				54BDACCA1D26457900F665B2 /* Products */,
			);
			sourceTree = "<group>";
		};
		54BDACCA1D26457900F665B2 /* Products */ = {
			isa = PBXGroup;
			children = (
				54BDACC91D26457900F665B2 /* SMLabel.app */,
			);
			name = Products;
			sourceTree = "<group>";
		};
		54BDACCB1D26457900F665B2 /* SMLabel */ = {
			isa = PBXGroup;
			children = (
				54BDACCF1D26457900F665B2 /* AppDelegate.h */,
				54BDACD01D26457900F665B2 /* AppDelegate.m */,
				54BDACF41D264C0900F665B2 /* ViewController.h */,
				54BDACF51D264C0900F665B2 /* ViewController.m */,
				54BDACF71D264C8A00F665B2 /* 1@2x.png */,
				5493B1F41E49D827007C7F8D /* 2.gif */,
				54BDACED1D26483800F665B2 /* SMLabel */,
				54BDACD81D26457900F665B2 /* Main.storyboard */,
				54BDACDB1D26457900F665B2 /* Assets.xcassets */,
				54BDACDD1D26457900F665B2 /* LaunchScreen.storyboard */,
				54BDACE01D26457900F665B2 /* Info.plist */,
				54BDACCC1D26457900F665B2 /* Supporting Files */,
			);
			path = SMLabel;
			sourceTree = "<group>";
		};
		54BDACCC1D26457900F665B2 /* Supporting Files */ = {
			isa = PBXGroup;
			children = (
				54BDACCD1D26457900F665B2 /* main.m */,
			);
			name = "Supporting Files";
			sourceTree = "<group>";
		};
		54BDACED1D26483800F665B2 /* SMLabel */ = {
			isa = PBXGroup;
			children = (
				54BDACEE1D26483800F665B2 /* RegexKitLite.h */,
				54BDACEF1D26483800F665B2 /* RegexKitLite.m */,
				54BDACF01D26483800F665B2 /* SMLabel.h */,
				54BDACF11D26483800F665B2 /* SMLabel.m */,
			);
			path = SMLabel;
			sourceTree = "<group>";
		};
/* End PBXGroup section */

/* Begin PBXNativeTarget section */
		54BDACC81D26457900F665B2 /* SMLabel */ = {
			isa = PBXNativeTarget;
			buildConfigurationList = 54BDACE31D26457900F665B2 /* Build configuration list for PBXNativeTarget "SMLabel" */;
			buildPhases = (
				54BDACC51D26457900F665B2 /* Sources */,
				54BDACC61D26457900F665B2 /* Frameworks */,
				54BDACC71D26457900F665B2 /* Resources */,
			);
			buildRules = (
			);
			dependencies = (
			);
			name = SMLabel;
			productName = SMLabel;
			productReference = 54BDACC91D26457900F665B2 /* SMLabel.app */;
			productType = "com.apple.product-type.application";
		};
/* End PBXNativeTarget section */

/* Begin PBXProject section */
		54BDACC11D26457900F665B2 /* Project object */ = {
			isa = PBXProject;
			attributes = {
				LastUpgradeCheck = 0730;
				ORGANIZATIONNAME = "朱思明";
				TargetAttributes = {
					54BDACC81D26457900F665B2 = {
						CreatedOnToolsVersion = 7.3.1;
						DevelopmentTeam = XM8347382N;
					};
				};
			};
			buildConfigurationList = 54BDACC41D26457900F665B2 /* Build configuration list for PBXProject "SMLabel" */;
			compatibilityVersion = "Xcode 3.2";
			developmentRegion = English;
			hasScannedForEncodings = 0;
			knownRegions = (
				en,
				Base,
			);
			mainGroup = 54BDACC01D26457900F665B2;
			productRefGroup = 54BDACCA1D26457900F665B2 /* Products */;
			projectDirPath = "";
			projectRoot = "";
			targets = (
				54BDACC81D26457900F665B2 /* SMLabel */,
			);
		};
/* End PBXProject section */

/* Begin PBXResourcesBuildPhase section */
		54BDACC71D26457900F665B2 /* Resources */ = {
			isa = PBXResourcesBuildPhase;
			buildActionMask = 2147483647;
			files = (
				54BDACDF1D26457900F665B2 /* LaunchScreen.storyboard in Resources */,
				5493B1F51E49D827007C7F8D /* 2.gif in Resources */,
				54BDACDC1D26457900F665B2 /* Assets.xcassets in Resources */,
				54BDACF81D264C8A00F665B2 /* 1@2x.png in Resources */,
				54BDACDA1D26457900F665B2 /* Main.storyboard in Resources */,
			);
			runOnlyForDeploymentPostprocessing = 0;
		};
/* End PBXResourcesBuildPhase section */

/* Begin PBXSourcesBuildPhase section */
		54BDACC51D26457900F665B2 /* Sources */ = {
			isa = PBXSourcesBuildPhase;
			buildActionMask = 2147483647;
			files = (
				54BDACF31D26483800F665B2 /* SMLabel.m in Sources */,
				54BDACF21D26483800F665B2 /* RegexKitLite.m in Sources */,
				54BDACD11D26457900F665B2 /* AppDelegate.m in Sources */,
				54BDACCE1D26457900F665B2 /* main.m in Sources */,
				54BDACF61D264C0900F665B2 /* ViewController.m in Sources */,
			);
			runOnlyForDeploymentPostprocessing = 0;
		};
/* End PBXSourcesBuildPhase section */

/* Begin PBXVariantGroup section */
		54BDACD81D26457900F665B2 /* Main.storyboard */ = {
			isa = PBXVariantGroup;
			children = (
				54BDACD91D26457900F665B2 /* Base */,
			);
			name = Main.storyboard;
			sourceTree = "<group>";
		};
		54BDACDD1D26457900F665B2 /* LaunchScreen.storyboard */ = {
			isa = PBXVariantGroup;
			children = (
				54BDACDE1D26457900F665B2 /* Base */,
			);
			name = LaunchScreen.storyboard;
			sourceTree = "<group>";
		};
/* End PBXVariantGroup section */

/* Begin XCBuildConfiguration section */
		54BDACE11D26457900F665B2 /* Debug */ = {
			isa = XCBuildConfiguration;
			buildSettings = {
				ALWAYS_SEARCH_USER_PATHS = NO;
				CLANG_ANALYZER_NONNULL = YES;
				CLANG_CXX_LANGUAGE_STANDARD = "gnu++0x";
				CLANG_CXX_LIBRARY = "libc++";
				CLANG_ENABLE_MODULES = YES;
				CLANG_ENABLE_OBJC_ARC = YES;
				CLANG_WARN_BOOL_CONVERSION = YES;
				CLANG_WARN_CONSTANT_CONVERSION = YES;
				CLANG_WARN_DIRECT_OBJC_ISA_USAGE = YES_ERROR;
				CLANG_WARN_EMPTY_BODY = YES;
				CLANG_WARN_ENUM_CONVERSION = YES;
				CLANG_WARN_INT_CONVERSION = YES;
				CLANG_WARN_OBJC_ROOT_CLASS = YES_ERROR;
				CLANG_WARN_UNREACHABLE_CODE = YES;
				CLANG_WARN__DUPLICATE_METHOD_MATCH = YES;
				"CODE_SIGN_IDENTITY[sdk=iphoneos*]" = "iPhone Developer";
				COPY_PHASE_STRIP = NO;
				DEBUG_INFORMATION_FORMAT = dwarf;
				ENABLE_STRICT_OBJC_MSGSEND = YES;
				ENABLE_TESTABILITY = YES;
				GCC_C_LANGUAGE_STANDARD = gnu99;
				GCC_DYNAMIC_NO_PIC = NO;
				GCC_NO_COMMON_BLOCKS = YES;
				GCC_OPTIMIZATION_LEVEL = 0;
				GCC_PREPROCESSOR_DEFINITIONS = (
					"DEBUG=1",
					"$(inherited)",
				);
				GCC_WARN_64_TO_32_BIT_CONVERSION = YES;
				GCC_WARN_ABOUT_RETURN_TYPE = YES_ERROR;
				GCC_WARN_UNDECLARED_SELECTOR = YES;
				GCC_WARN_UNINITIALIZED_AUTOS = YES_AGGRESSIVE;
				GCC_WARN_UNUSED_FUNCTION = YES;
				GCC_WARN_UNUSED_VARIABLE = YES;
				IPHONEOS_DEPLOYMENT_TARGET = 9.3;
				MTL_ENABLE_DEBUG_INFO = YES;
				ONLY_ACTIVE_ARCH = YES;
				SDKROOT = iphoneos;
			};
			name = Debug;
		};
		54BDACE21D26457900F665B2 /* Release */ = {
			isa = XCBuildConfiguration;
			buildSettings = {
				ALWAYS_SEARCH_USER_PATHS = NO;
				CLANG_ANALYZER_NONNULL = YES;
				CLANG_CXX_LANGUAGE_STANDARD = "gnu++0x";
				CLANG_CXX_LIBRARY = "libc++";
				CLANG_ENABLE_MODULES = YES;
				CLANG_ENABLE_OBJC_ARC = YES;
				CLANG_WARN_BOOL_CONVERSION = YES;
				CLANG_WARN_CONSTANT_CONVERSION = YES;
				CLANG_WARN_DIRECT_OBJC_ISA_USAGE = YES_ERROR;
				CLANG_WARN_EMPTY_BODY = YES;
				CLANG_WARN_ENUM_CONVERSION = YES;
				CLANG_WARN_INT_CONVERSION = YES;
				CLANG_WARN_OBJC_ROOT_CLASS = YES_ERROR;
				CLANG_WARN_UNREACHABLE_CODE = YES;
				CLANG_WARN__DUPLICATE_METHOD_MATCH = YES;
				"CODE_SIGN_IDENTITY[sdk=iphoneos*]" = "iPhone Developer";
				COPY_PHASE_STRIP = NO;
				DEBUG_INFORMATION_FORMAT = "dwarf-with-dsym";
				ENABLE_NS_ASSERTIONS = NO;
				ENABLE_STRICT_OBJC_MSGSEND = YES;
				GCC_C_LANGUAGE_STANDARD = gnu99;
				GCC_NO_COMMON_BLOCKS = YES;
				GCC_WARN_64_TO_32_BIT_CONVERSION = YES;
				GCC_WARN_ABOUT_RETURN_TYPE = YES_ERROR;
				GCC_WARN_UNDECLARED_SELECTOR = YES;
				GCC_WARN_UNINITIALIZED_AUTOS = YES_AGGRESSIVE;
				GCC_WARN_UNUSED_FUNCTION = YES;
				GCC_WARN_UNUSED_VARIABLE = YES;
				IPHONEOS_DEPLOYMENT_TARGET = 9.3;
				MTL_ENABLE_DEBUG_INFO = NO;
				SDKROOT = iphoneos;
				VALIDATE_PRODUCT = YES;
			};
			name = Release;
		};
		54BDACE41D26457900F665B2 /* Debug */ = {
			isa = XCBuildConfiguration;
			buildSettings = {
				ASSETCATALOG_COMPILER_APPICON_NAME = AppIcon;
				DEVELOPMENT_TEAM = XM8347382N;
				INFOPLIST_FILE = SMLabel/Info.plist;
				LD_RUNPATH_SEARCH_PATHS = "$(inherited) @executable_path/Frameworks";
				PRODUCT_BUNDLE_IDENTIFIER = com.cxwl.SMLabel;
				PRODUCT_NAME = "$(TARGET_NAME)";
			};
			name = Debug;
		};
		54BDACE51D26457900F665B2 /* Release */ = {
			isa = XCBuildConfiguration;
			buildSettings = {
				ASSETCATALOG_COMPILER_APPICON_NAME = AppIcon;
				DEVELOPMENT_TEAM = XM8347382N;
				INFOPLIST_FILE = SMLabel/Info.plist;
				LD_RUNPATH_SEARCH_PATHS = "$(inherited) @executable_path/Frameworks";
				PRODUCT_BUNDLE_IDENTIFIER = com.cxwl.SMLabel;
				PRODUCT_NAME = "$(TARGET_NAME)";
			};
			name = Release;
		};
/* End XCBuildConfiguration section */

/* Begin XCConfigurationList section */
		54BDACC41D26457900F665B2 /* Build configuration list for PBXProject "SMLabel" */ = {
			isa = XCConfigurationList;
			buildConfigurations = (
				54BDACE11D26457900F665B2 /* Debug */,
				54BDACE21D26457900F665B2 /* Release */,
			);
			defaultConfigurationIsVisible = 0;
			defaultConfigurationName = Release;
		};
		54BDACE31D26457900F665B2 /* Build configuration list for PBXNativeTarget "SMLabel" */ = {
			isa = XCConfigurationList;
			buildConfigurations = (
				54BDACE41D26457900F665B2 /* Debug */,
				54BDACE51D26457900F665B2 /* Release */,
			);
			defaultConfigurationIsVisible = 0;
			defaultConfigurationName = Release;
		};
/* End XCConfigurationList section */
	};
	rootObject = 54BDACC11D26457900F665B2 /* Project object */;
}
